
Microsoft Visual Studio Solution File, Format Version 12.00
# Visual Studio Version 17
VisualStudioVersion = 17.0.32002.185
MinimumVisualStudioVersion = 10.0.40219.1
Project("{FAE04EC0-301F-11D3-BF4B-00C04F79EFBC}") = "Deliverable1", "Deliverable1\Deliverable1.csproj", "{368B730A-EE65-4C00-AA29-E59D7249C781}"
EndProject
Global
	GlobalSection(SolutionConfigurationPlatforms) = preSolution
		Debug|Any CPU = Debug|Any CPU
		Release|Any CPU = Release|Any CPU
	EndGlobalSection
	GlobalSection(ProjectConfigurationPlatforms) = postSolution
		{368B730A-EE65-4C00-AA29-E59D7249C781}.Debug|Any CPU.ActiveCfg = Debug|Any CPU
		{368B730A-EE65-4C00-AA29-E59D7249C781}.Debug|Any CPU.Build.0 = Debug|Any CPU
		{368B730A-EE65-4C00-AA29-E59D7249C781}.Release|Any CPU.ActiveCfg = Release|Any CPU
		{368B730A-EE65-4C00-AA29-E59D7249C781}.Release|Any CPU.Build.0 = Release|Any CPU
	EndGlobalSection
	GlobalSection(SolutionProperties) = preSolution
		HideSolutionNode = FALSE
	EndGlobalSection
	GlobalSection(ExtensibilityGlobals) = postSolution
		SolutionGuid = {B5996962-CF5F-46CD-8A1F-40D5E8007AB8}
	EndGlobalSection
EndGlobal
